{
  "name": "Full stack intership",
  "lockfileVersion": 2,
  "requires": true,
  "packages": {
    "": {
      "dependencies": {
        "name": "^0.0.2",
        "package": "^1.0.1"
      }
    },
    "node_modules/name": {
      "version": "0.0.2",
      "resolved": "https://registry.npmjs.org/name/-/name-0.0.2.tgz",
      "integrity": "sha512-5OWKOV5ORT8VAiYMQNCgppbODJ/aei6aEtn0sr2FXle14P1zU247J5NmjaxceFEArL5HcE4w/KNUPOzb9+J6ZA==",
      "engines": {
        "node": "*"
      }
    },
    "node_modules/package": {
      "version": "1.0.1",
      "resolved": "https://registry.npmjs.org/package/-/package-1.0.1.tgz",
      "integrity": "sha512-g6xZR6CO7okjie83sIRJodgGvaXqymfE5GLhN8N2TmZGShmHc/V23hO/vWbdnuy3D81As3pfovw72gGi42l9qA==",
      "engines": {
        "node": ">= 0.6.0"
      }
    }
  },
  "dependencies": {
    "name": {
      "version": "0.0.2",
      "resolved": "https://registry.npmjs.org/name/-/name-0.0.2.tgz",
      "integrity": "sha512-5OWKOV5ORT8VAiYMQNCgppbODJ/aei6aEtn0sr2FXle14P1zU247J5NmjaxceFEArL5HcE4w/KNUPOzb9+J6ZA=="
    },
    "package": {
      "version": "1.0.1",
      "resolved": "https://registry.npmjs.org/package/-/package-1.0.1.tgz",
      "integrity": "sha512-g6xZR6CO7okjie83sIRJodgGvaXqymfE5GLhN8N2TmZGShmHc/V23hO/vWbdnuy3D81As3pfovw72gGi42l9qA=="
    }
  }
}
